// !$*UTF8*$!
{
	archiveVersion = 1;
	classes = {
	};
	objectVersion = 55;
	objects = {

/* Begin PBXBuildFile section */
		BC5A4FDF2B628CF1008EBFBC /* CryptoKit.framework in Frameworks */ = {isa = PBXBuildFile; fileRef = BC5A4FDE2B628CF1008EBFBC /* CryptoKit.framework */; };
		BC5A4FE12B6296B4008EBFBC /* ImageGalleryViewController.swift in Sources */ = {isa = PBXBuildFile; fileRef = BC5A4FE02B6296B4008EBFBC /* ImageGalleryViewController.swift */; };
		BCA064222B60334100BDFE68 /* AppDelegate.swift in Sources */ = {isa = PBXBuildFile; fileRef = BCA064212B60334100BDFE68 /* AppDelegate.swift */; };
		BCA064242B60334100BDFE68 /* SceneDelegate.swift in Sources */ = {isa = PBXBuildFile; fileRef = BCA064232B60334100BDFE68 /* SceneDelegate.swift */; };
		BCA064262B60334100BDFE68 /* ViewController.swift in Sources */ = {isa = PBXBuildFile; fileRef = BCA064252B60334100BDFE68 /* ViewController.swift */; };
		BCA064292B60334100BDFE68 /* Main.storyboard in Resources */ = {isa = PBXBuildFile; fileRef = BCA064272B60334100BDFE68 /* Main.storyboard */; };
		BCA0642B2B60334400BDFE68 /* Assets.xcassets in Resources */ = {isa = PBXBuildFile; fileRef = BCA0642A2B60334400BDFE68 /* Assets.xcassets */; };
		BCA0642E2B60334400BDFE68 /* LaunchScreen.storyboard in Resources */ = {isa = PBXBuildFile; fileRef = BCA0642C2B60334400BDFE68 /* LaunchScreen.storyboard */; };
		BCA064362B60356400BDFE68 /* UploadViewController.swift in Sources */ = {isa = PBXBuildFile; fileRef = BCA064352B60356400BDFE68 /* UploadViewController.swift */; };
/* End PBXBuildFile section */

/* Begin PBXFileReference section */
		BC5A4FDE2B628CF1008EBFBC /* CryptoKit.framework */ = {isa = PBXFileReference; lastKnownFileType = wrapper.framework; name = CryptoKit.framework; path = System/Library/Frameworks/CryptoKit.framework; sourceTree = SDKROOT; };
		BC5A4FE02B6296B4008EBFBC /* ImageGalleryViewController.swift */ = {isa = PBXFileReference; lastKnownFileType = sourcecode.swift; path = ImageGalleryViewController.swift; sourceTree = "<group>"; };
		BCA0641E2B60334100BDFE68 /* ImageApp.app */ = {isa = PBXFileReference; explicitFileType = wrapper.application; includeInIndex = 0; path = ImageApp.app; sourceTree = BUILT_PRODUCTS_DIR; };
		BCA064212B60334100BDFE68 /* AppDelegate.swift */ = {isa = PBXFileReference; lastKnownFileType = sourcecode.swift; path = AppDelegate.swift; sourceTree = "<group>"; };
		BCA064232B60334100BDFE68 /* SceneDelegate.swift */ = {isa = PBXFileReference; lastKnownFileType = sourcecode.swift; path = SceneDelegate.swift; sourceTree = "<group>"; };
		BCA064252B60334100BDFE68 /* ViewController.swift */ = {isa = PBXFileReference; lastKnownFileType = sourcecode.swift; path = ViewController.swift; sourceTree = "<group>"; };
		BCA064282B60334100BDFE68 /* Base */ = {isa = PBXFileReference; lastKnownFileType = file.storyboard; name = Base; path = Base.lproj/Main.storyboard; sourceTree = "<group>"; };
		BCA0642A2B60334400BDFE68 /* Assets.xcassets */ = {isa = PBXFileReference; lastKnownFileType = folder.assetcatalog; path = Assets.xcassets; sourceTree = "<group>"; };
		BCA0642D2B60334400BDFE68 /* Base */ = {isa = PBXFileReference; lastKnownFileType = file.storyboard; name = Base; path = Base.lproj/LaunchScreen.storyboard; sourceTree = "<group>"; };
		BCA0642F2B60334400BDFE68 /* Info.plist */ = {isa = PBXFileReference; lastKnownFileType = text.plist.xml; path = Info.plist; sourceTree = "<group>"; };
		BCA064352B60356400BDFE68 /* UploadViewController.swift */ = {isa = PBXFileReference; lastKnownFileType = sourcecode.swift; path = UploadViewController.swift; sourceTree = "<group>"; };
/* End PBXFileReference section */

/* Begin PBXFrameworksBuildPhase section */
		BCA0641B2B60334100BDFE68 /* Frameworks */ = {
			isa = PBXFrameworksBuildPhase;
			buildActionMask = 2147483647;
			files = (
				BC5A4FDF2B628CF1008EBFBC /* CryptoKit.framework in Frameworks */,
			);
			runOnlyForDeploymentPostprocessing = 0;
		};
/* End PBXFrameworksBuildPhase section */

/* Begin PBXGroup section */
		BC5A4FDD2B628CF1008EBFBC /* Frameworks */ = {
			isa = PBXGroup;
			children = (
				BC5A4FDE2B628CF1008EBFBC /* CryptoKit.framework */,
			);
			name = Frameworks;
			sourceTree = "<group>";
		};
		BCA064152B60334100BDFE68 = {
			isa = PBXGroup;
			children = (
				BCA064202B60334100BDFE68 /* ImageApp */,
				BCA0641F2B60334100BDFE68 /* Products */,
				BC5A4FDD2B628CF1008EBFBC /* Frameworks */,
			);
			sourceTree = "<group>";
		};
		BCA0641F2B60334100BDFE68 /* Products */ = {
			isa = PBXGroup;
			children = (
				BCA0641E2B60334100BDFE68 /* ImageApp.app */,
			);
			name = Products;
			sourceTree = "<group>";
		};
		BCA064202B60334100BDFE68 /* ImageApp */ = {
			isa = PBXGroup;
			children = (
				BCA064212B60334100BDFE68 /* AppDelegate.swift */,
				BCA064232B60334100BDFE68 /* SceneDelegate.swift */,
				BCA064252B60334100BDFE68 /* ViewController.swift */,
				BCA064272B60334100BDFE68 /* Main.storyboard */,
				BC5A4FE02B6296B4008EBFBC /* ImageGalleryViewController.swift */,
				BCA0642A2B60334400BDFE68 /* Assets.xcassets */,
				BCA0642C2B60334400BDFE68 /* LaunchScreen.storyboard */,
				BCA0642F2B60334400BDFE68 /* Info.plist */,
				BCA064352B60356400BDFE68 /* UploadViewController.swift */,
			);
			path = ImageApp;
			sourceTree = "<group>";
		};
/* End PBXGroup section */

/* Begin PBXNativeTarget section */
		BCA0641D2B60334100BDFE68 /* ImageApp */ = {
			isa = PBXNativeTarget;
			buildConfigurationList = BCA064322B60334400BDFE68 /* Build configuration list for PBXNativeTarget "ImageApp" */;
			buildPhases = (
				BCA0641A2B60334100BDFE68 /* Sources */,
				BCA0641B2B60334100BDFE68 /* Frameworks */,
				BCA0641C2B60334100BDFE68 /* Resources */,
			);
			buildRules = (
			);
			dependencies = (
			);
			name = ImageApp;
			productName = ImageApp;
			productReference = BCA0641E2B60334100BDFE68 /* ImageApp.app */;
			productType = "com.apple.product-type.application";
		};
/* End PBXNativeTarget section */

/* Begin PBXProject section */
		BCA064162B60334100BDFE68 /* Project object */ = {
			isa = PBXProject;
			attributes = {
				BuildIndependentTargetsInParallel = 1;
				LastSwiftUpdateCheck = 1330;
				LastUpgradeCheck = 1330;
				TargetAttributes = {
					BCA0641D2B60334100BDFE68 = {
						CreatedOnToolsVersion = 13.3.1;
					};
				};
			};
			buildConfigurationList = BCA064192B60334100BDFE68 /* Build configuration list for PBXProject "ImageApp" */;
			compatibilityVersion = "Xcode 13.0";
			developmentRegion = en;
			hasScannedForEncodings = 0;
			knownRegions = (
				en,
				Base,
			);
			mainGroup = BCA064152B60334100BDFE68;
			productRefGroup = BCA0641F2B60334100BDFE68 /* Products */;
			projectDirPath = "";
			projectRoot = "";
			targets = (
				BCA0641D2B60334100BDFE68 /* ImageApp */,
			);
		};
/* End PBXProject section */

/* Begin PBXResourcesBuildPhase section */
		BCA0641C2B60334100BDFE68 /* Resources */ = {
			isa = PBXResourcesBuildPhase;
			buildActionMask = 2147483647;
			files = (
				BCA0642E2B60334400BDFE68 /* LaunchScreen.storyboard in Resources */,
				BCA0642B2B60334400BDFE68 /* Assets.xcassets in Resources */,
				BCA064292B60334100BDFE68 /* Main.storyboard in Resources */,
			);
			runOnlyForDeploymentPostprocessing = 0;
		};
/* End PBXResourcesBuildPhase section */

/* Begin PBXSourcesBuildPhase section */
		BCA0641A2B60334100BDFE68 /* Sources */ = {
			isa = PBXSourcesBuildPhase;
			buildActionMask = 2147483647;
			files = (
				BCA064262B60334100BDFE68 /* ViewController.swift in Sources */,
				BCA064362B60356400BDFE68 /* UploadViewController.swift in Sources */,
				BC5A4FE12B6296B4008EBFBC /* ImageGalleryViewController.swift in Sources */,
				BCA064222B60334100BDFE68 /* AppDelegate.swift in Sources */,
				BCA064242B60334100BDFE68 /* SceneDelegate.swift in Sources */,
			);
			runOnlyForDeploymentPostprocessing = 0;
		};
/* End PBXSourcesBuildPhase section */

/* Begin PBXVariantGroup section */
		BCA064272B60334100BDFE68 /* Main.storyboard */ = {
			isa = PBXVariantGroup;
			children = (
				BCA064282B60334100BDFE68 /* Base */,
			);
			name = Main.storyboard;
			sourceTree = "<group>";
		};
		BCA0642C2B60334400BDFE68 /* LaunchScreen.storyboard */ = {
			isa = PBXVariantGroup;
			children = (
				BCA0642D2B60334400BDFE68 /* Base */,
			);
			name = LaunchScreen.storyboard;
			sourceTree = "<group>";
		};
/* End PBXVariantGroup section */

/* Begin XCBuildConfiguration section */
		BCA064302B60334400BDFE68 /* Debug */ = {
			isa = XCBuildConfiguration;
			buildSettings = {
				ALWAYS_SEARCH_USER_PATHS = NO;
				CLANG_ANALYZER_NONNULL = YES;
				CLANG_ANALYZER_NUMBER_OBJECT_CONVERSION = YES_AGGRESSIVE;
				CLANG_CXX_LANGUAGE_STANDARD = "gnu++17";
				CLANG_ENABLE_MODULES = YES;
				CLANG_ENABLE_OBJC_ARC = YES;
				CLANG_ENABLE_OBJC_WEAK = YES;
				CLANG_WARN_BLOCK_CAPTURE_AUTORELEASING = YES;
				CLANG_WARN_BOOL_CONVERSION = YES;
				CLANG_WARN_COMMA = YES;
				CLANG_WARN_CONSTANT_CONVERSION = YES;
				CLANG_WARN_DEPRECATED_OBJC_IMPLEMENTATIONS = YES;
				CLANG_WARN_DIRECT_OBJC_ISA_USAGE = YES_ERROR;
				CLANG_WARN_DOCUMENTATION_COMMENTS = YES;
				CLANG_WARN_EMPTY_BODY = YES;
				CLANG_WARN_ENUM_CONVERSION = YES;
				CLANG_WARN_INFINITE_RECURSION = YES;
				CLANG_WARN_INT_CONVERSION = YES;
				CLANG_WARN_NON_LITERAL_NULL_CONVERSION = YES;
				CLANG_WARN_OBJC_IMPLICIT_RETAIN_SELF = YES;
				CLANG_WARN_OBJC_LITERAL_CONVERSION = YES;
				CLANG_WARN_OBJC_ROOT_CLASS = YES_ERROR;
				CLANG_WARN_QUOTED_INCLUDE_IN_FRAMEWORK_HEADER = YES;
				CLANG_WARN_RANGE_LOOP_ANALYSIS = YES;
				CLANG_WARN_STRICT_PROTOTYPES = YES;
				CLANG_WARN_SUSPICIOUS_MOVE = YES;
				CLANG_WARN_UNGUARDED_AVAILABILITY = YES_AGGRESSIVE;
				CLANG_WARN_UNREACHABLE_CODE = YES;
				CLANG_WARN__DUPLICATE_METHOD_MATCH = YES;
				COPY_PHASE_STRIP = NO;
				DEBUG_INFORMATION_FORMAT = dwarf;
				ENABLE_STRICT_OBJC_MSGSEND = YES;
				ENABLE_TESTABILITY = YES;
				GCC_C_LANGUAGE_STANDARD = gnu11;
				GCC_DYNAMIC_NO_PIC = NO;
				GCC_NO_COMMON_BLOCKS = YES;
				GCC_OPTIMIZATION_LEVEL = 0;
				GCC_PREPROCESSOR_DEFINITIONS = (
					"DEBUG=1",
					"$(inherited)",
				);
				GCC_WARN_64_TO_32_BIT_CONVERSION = YES;
				GCC_WARN_ABOUT_RETURN_TYPE = YES_ERROR;
				GCC_WARN_UNDECLARED_SELECTOR = YES;
				GCC_WARN_UNINITIALIZED_AUTOS = YES_AGGRESSIVE;
				GCC_WARN_UNUSED_FUNCTION = YES;
				GCC_WARN_UNUSED_VARIABLE = YES;
				IPHONEOS_DEPLOYMENT_TARGET = 15.4;
				MTL_ENABLE_DEBUG_INFO = INCLUDE_SOURCE;
				MTL_FAST_MATH = YES;
				ONLY_ACTIVE_ARCH = YES;
				SDKROOT = iphoneos;
				SWIFT_ACTIVE_COMPILATION_CONDITIONS = DEBUG;
				SWIFT_OPTIMIZATION_LEVEL = "-Onone";
			};
			name = Debug;
		};
		BCA064312B60334400BDFE68 /* Release */ = {
			isa = XCBuildConfiguration;
			buildSettings = {
				ALWAYS_SEARCH_USER_PATHS = NO;
				CLANG_ANALYZER_NONNULL = YES;
				CLANG_ANALYZER_NUMBER_OBJECT_CONVERSION = YES_AGGRESSIVE;
				CLANG_CXX_LANGUAGE_STANDARD = "gnu++17";
				CLANG_ENABLE_MODULES = YES;
				CLANG_ENABLE_OBJC_ARC = YES;
				CLANG_ENABLE_OBJC_WEAK = YES;
				CLANG_WARN_BLOCK_CAPTURE_AUTORELEASING = YES;
				CLANG_WARN_BOOL_CONVERSION = YES;
				CLANG_WARN_COMMA = YES;
				CLANG_WARN_CONSTANT_CONVERSION = YES;
				CLANG_WARN_DEPRECATED_OBJC_IMPLEMENTATIONS = YES;
				CLANG_WARN_DIRECT_OBJC_ISA_USAGE = YES_ERROR;
				CLANG_WARN_DOCUMENTATION_COMMENTS = YES;
				CLANG_WARN_EMPTY_BODY = YES;
				CLANG_WARN_ENUM_CONVERSION = YES;
				CLANG_WARN_INFINITE_RECURSION = YES;
				CLANG_WARN_INT_CONVERSION = YES;
				CLANG_WARN_NON_LITERAL_NULL_CONVERSION = YES;
				CLANG_WARN_OBJC_IMPLICIT_RETAIN_SELF = YES;
				CLANG_WARN_OBJC_LITERAL_CONVERSION = YES;
				CLANG_WARN_OBJC_ROOT_CLASS = YES_ERROR;
				CLANG_WARN_QUOTED_INCLUDE_IN_FRAMEWORK_HEADER = YES;
				CLANG_WARN_RANGE_LOOP_ANALYSIS = YES;
				CLANG_WARN_STRICT_PROTOTYPES = YES;
				CLANG_WARN_SUSPICIOUS_MOVE = YES;
				CLANG_WARN_UNGUARDED_AVAILABILITY = YES_AGGRESSIVE;
				CLANG_WARN_UNREACHABLE_CODE = YES;
				CLANG_WARN__DUPLICATE_METHOD_MATCH = YES;
				COPY_PHASE_STRIP = NO;
				DEBUG_INFORMATION_FORMAT = "dwarf-with-dsym";
				ENABLE_NS_ASSERTIONS = NO;
				ENABLE_STRICT_OBJC_MSGSEND = YES;
				GCC_C_LANGUAGE_STANDARD = gnu11;
				GCC_NO_COMMON_BLOCKS = YES;
				GCC_WARN_64_TO_32_BIT_CONVERSION = YES;
				GCC_WARN_ABOUT_RETURN_TYPE = YES_ERROR;
				GCC_WARN_UNDECLARED_SELECTOR = YES;
				GCC_WARN_UNINITIALIZED_AUTOS = YES_AGGRESSIVE;
				GCC_WARN_UNUSED_FUNCTION = YES;
				GCC_WARN_UNUSED_VARIABLE = YES;
				IPHONEOS_DEPLOYMENT_TARGET = 15.4;
				MTL_ENABLE_DEBUG_INFO = NO;
				MTL_FAST_MATH = YES;
				SDKROOT = iphoneos;
				SWIFT_COMPILATION_MODE = wholemodule;
				SWIFT_OPTIMIZATION_LEVEL = "-O";
				VALIDATE_PRODUCT = YES;
			};
			name = Release;
		};
		BCA064332B60334400BDFE68 /* Debug */ = {
			isa = XCBuildConfiguration;
			buildSettings = {
				ASSETCATALOG_COMPILER_APPICON_NAME = AppIcon;
				ASSETCATALOG_COMPILER_GLOBAL_ACCENT_COLOR_NAME = AccentColor;
				CODE_SIGN_STYLE = Automatic;
				CURRENT_PROJECT_VERSION = 1;
				DEVELOPMENT_TEAM = 865G8XDT73;
				GENERATE_INFOPLIST_FILE = YES;
				INFOPLIST_FILE = ImageApp/Info.plist;
				INFOPLIST_KEY_UIApplicationSupportsIndirectInputEvents = YES;
				INFOPLIST_KEY_UILaunchStoryboardName = LaunchScreen;
				INFOPLIST_KEY_UIMainStoryboardFile = Main;
				INFOPLIST_KEY_UISupportedInterfaceOrientations_iPad = "UIInterfaceOrientationPortrait UIInterfaceOrientationPortraitUpsideDown UIInterfaceOrientationLandscapeLeft UIInterfaceOrientationLandscapeRight";
				INFOPLIST_KEY_UISupportedInterfaceOrientations_iPhone = "UIInterfaceOrientationPortrait UIInterfaceOrientationLandscapeLeft UIInterfaceOrientationLandscapeRight";
				LD_RUNPATH_SEARCH_PATHS = (
					"$(inherited)",
					"@executable_path/Frameworks",
				);
				MARKETING_VERSION = 1.0;
				PRODUCT_BUNDLE_IDENTIFIER = com.ej.dogar.ImageApp;
				PRODUCT_NAME = "$(TARGET_NAME)";
				SWIFT_EMIT_LOC_STRINGS = YES;
				SWIFT_VERSION = 5.0;
				TARGETED_DEVICE_FAMILY = "1,2";
			};
			name = Debug;
		};
		BCA064342B60334400BDFE68 /* Release */ = {
			isa = XCBuildConfiguration;
			buildSettings = {
				ASSETCATALOG_COMPILER_APPICON_NAME = AppIcon;
				ASSETCATALOG_COMPILER_GLOBAL_ACCENT_COLOR_NAME = AccentColor;
				CODE_SIGN_STYLE = Automatic;
				CURRENT_PROJECT_VERSION = 1;
				DEVELOPMENT_TEAM = 865G8XDT73;
				GENERATE_INFOPLIST_FILE = YES;
				INFOPLIST_FILE = ImageApp/Info.plist;
				INFOPLIST_KEY_UIApplicationSupportsIndirectInputEvents = YES;
				INFOPLIST_KEY_UILaunchStoryboardName = LaunchScreen;
				INFOPLIST_KEY_UIMainStoryboardFile = Main;
				INFOPLIST_KEY_UISupportedInterfaceOrientations_iPad = "UIInterfaceOrientationPortrait UIInterfaceOrientationPortraitUpsideDown UIInterfaceOrientationLandscapeLeft UIInterfaceOrientationLandscapeRight";
				INFOPLIST_KEY_UISupportedInterfaceOrientations_iPhone = "UIInterfaceOrientationPortrait UIInterfaceOrientationLandscapeLeft UIInterfaceOrientationLandscapeRight";
				LD_RUNPATH_SEARCH_PATHS = (
					"$(inherited)",
					"@executable_path/Frameworks",
				);
				MARKETING_VERSION = 1.0;
				PRODUCT_BUNDLE_IDENTIFIER = com.ej.dogar.ImageApp;
				PRODUCT_NAME = "$(TARGET_NAME)";
				SWIFT_EMIT_LOC_STRINGS = YES;
				SWIFT_VERSION = 5.0;
				TARGETED_DEVICE_FAMILY = "1,2";
			};
			name = Release;
		};
/* End XCBuildConfiguration section */

/* Begin XCConfigurationList section */
		BCA064192B60334100BDFE68 /* Build configuration list for PBXProject "ImageApp" */ = {
			isa = XCConfigurationList;
			buildConfigurations = (
				BCA064302B60334400BDFE68 /* Debug */,
				BCA064312B60334400BDFE68 /* Release */,
			);
			defaultConfigurationIsVisible = 0;
			defaultConfigurationName = Release;
		};
		BCA064322B60334400BDFE68 /* Build configuration list for PBXNativeTarget "ImageApp" */ = {
			isa = XCConfigurationList;
			buildConfigurations = (
				BCA064332B60334400BDFE68 /* Debug */,
				BCA064342B60334400BDFE68 /* Release */,
			);
			defaultConfigurationIsVisible = 0;
			defaultConfigurationName = Release;
		};
/* End XCConfigurationList section */
	};
	rootObject = BCA064162B60334100BDFE68 /* Project object */;
}
